// !$*UTF8*$!
{
	archiveVersion = 1;
	classes = {
	};
	objectVersion = 55;
	objects = {

/* Begin PBXBuildFile section */
		F114C25128BC997100B577FA /* AppDelegate.swift in Sources */ = {isa = PBXBuildFile; fileRef = F114C25028BC997100B577FA /* AppDelegate.swift */; };
		F114C25328BC997100B577FA /* SceneDelegate.swift in Sources */ = {isa = PBXBuildFile; fileRef = F114C25228BC997100B577FA /* SceneDelegate.swift */; };
		F114C25528BC997100B577FA /* ViewController.swift in Sources */ = {isa = PBXBuildFile; fileRef = F114C25428BC997100B577FA /* ViewController.swift */; };
		F114C25828BC997100B577FA /* Main.storyboard in Resources */ = {isa = PBXBuildFile; fileRef = F114C25628BC997100B577FA /* Main.storyboard */; };
		F114C25A28BC997200B577FA /* Assets.xcassets in Resources */ = {isa = PBXBuildFile; fileRef = F114C25928BC997200B577FA /* Assets.xcassets */; };
		F114C25D28BC997200B577FA /* LaunchScreen.storyboard in Resources */ = {isa = PBXBuildFile; fileRef = F114C25B28BC997200B577FA /* LaunchScreen.storyboard */; };
		F15D137328BDE1C700AACDDE /* UserModel.swift in Sources */ = {isa = PBXBuildFile; fileRef = F15D137228BDE1C700AACDDE /* UserModel.swift */; };
		F15D137528BDE20900AACDDE /* ViewModel.swift in Sources */ = {isa = PBXBuildFile; fileRef = F15D137428BDE20900AACDDE /* ViewModel.swift */; };
		F1D6042228BF1D9700B29592 /* DemoTestCasesTests.swift in Sources */ = {isa = PBXBuildFile; fileRef = F1D6042128BF1D9700B29592 /* DemoTestCasesTests.swift */; };
/* End PBXBuildFile section */

/* Begin PBXContainerItemProxy section */
		F1D6042328BF1D9700B29592 /* PBXContainerItemProxy */ = {
			isa = PBXContainerItemProxy;
			containerPortal = F114C24528BC997100B577FA /* Project object */;
			proxyType = 1;
			remoteGlobalIDString = F114C24C28BC997100B577FA;
			remoteInfo = DemoTestCases;
		};
/* End PBXContainerItemProxy section */

/* Begin PBXFileReference section */
		F114C24D28BC997100B577FA /* DemoTestCases.app */ = {isa = PBXFileReference; explicitFileType = wrapper.application; includeInIndex = 0; path = DemoTestCases.app; sourceTree = BUILT_PRODUCTS_DIR; };
		F114C25028BC997100B577FA /* AppDelegate.swift */ = {isa = PBXFileReference; lastKnownFileType = sourcecode.swift; path = AppDelegate.swift; sourceTree = "<group>"; };
		F114C25228BC997100B577FA /* SceneDelegate.swift */ = {isa = PBXFileReference; lastKnownFileType = sourcecode.swift; path = SceneDelegate.swift; sourceTree = "<group>"; };
		F114C25428BC997100B577FA /* ViewController.swift */ = {isa = PBXFileReference; lastKnownFileType = sourcecode.swift; path = ViewController.swift; sourceTree = "<group>"; };
		F114C25728BC997100B577FA /* Base */ = {isa = PBXFileReference; lastKnownFileType = file.storyboard; name = Base; path = Base.lproj/Main.storyboard; sourceTree = "<group>"; };
		F114C25928BC997200B577FA /* Assets.xcassets */ = {isa = PBXFileReference; lastKnownFileType = folder.assetcatalog; path = Assets.xcassets; sourceTree = "<group>"; };
		F114C25C28BC997200B577FA /* Base */ = {isa = PBXFileReference; lastKnownFileType = file.storyboard; name = Base; path = Base.lproj/LaunchScreen.storyboard; sourceTree = "<group>"; };
		F114C25E28BC997200B577FA /* Info.plist */ = {isa = PBXFileReference; lastKnownFileType = text.plist.xml; path = Info.plist; sourceTree = "<group>"; };
		F15D137228BDE1C700AACDDE /* UserModel.swift */ = {isa = PBXFileReference; lastKnownFileType = sourcecode.swift; path = UserModel.swift; sourceTree = "<group>"; };
		F15D137428BDE20900AACDDE /* ViewModel.swift */ = {isa = PBXFileReference; lastKnownFileType = sourcecode.swift; path = ViewModel.swift; sourceTree = "<group>"; };
		F1D6041F28BF1D9700B29592 /* DemoTestCasesTests.xctest */ = {isa = PBXFileReference; explicitFileType = wrapper.cfbundle; includeInIndex = 0; path = DemoTestCasesTests.xctest; sourceTree = BUILT_PRODUCTS_DIR; };
		F1D6042128BF1D9700B29592 /* DemoTestCasesTests.swift */ = {isa = PBXFileReference; lastKnownFileType = sourcecode.swift; path = DemoTestCasesTests.swift; sourceTree = "<group>"; };
/* End PBXFileReference section */

/* Begin PBXFrameworksBuildPhase section */
		F114C24A28BC997100B577FA /* Frameworks */ = {
			isa = PBXFrameworksBuildPhase;
			buildActionMask = 2147483647;
			files = (
			);
			runOnlyForDeploymentPostprocessing = 0;
		};
		F1D6041C28BF1D9700B29592 /* Frameworks */ = {
			isa = PBXFrameworksBuildPhase;
			buildActionMask = 2147483647;
			files = (
			);
			runOnlyForDeploymentPostprocessing = 0;
		};
/* End PBXFrameworksBuildPhase section */

/* Begin PBXGroup section */
		F114C24428BC997100B577FA = {
			isa = PBXGroup;
			children = (
				F114C24F28BC997100B577FA /* DemoTestCases */,
				F1D6042028BF1D9700B29592 /* DemoTestCasesTests */,
				F114C24E28BC997100B577FA /* Products */,
			);
			sourceTree = "<group>";
		};
		F114C24E28BC997100B577FA /* Products */ = {
			isa = PBXGroup;
			children = (
				F114C24D28BC997100B577FA /* DemoTestCases.app */,
				F1D6041F28BF1D9700B29592 /* DemoTestCasesTests.xctest */,
			);
			name = Products;
			sourceTree = "<group>";
		};
		F114C24F28BC997100B577FA /* DemoTestCases */ = {
			isa = PBXGroup;
			children = (
				F15D137228BDE1C700AACDDE /* UserModel.swift */,
				F15D137428BDE20900AACDDE /* ViewModel.swift */,
				F114C25028BC997100B577FA /* AppDelegate.swift */,
				F114C25228BC997100B577FA /* SceneDelegate.swift */,
				F114C25428BC997100B577FA /* ViewController.swift */,
				F114C25628BC997100B577FA /* Main.storyboard */,
				F114C25928BC997200B577FA /* Assets.xcassets */,
				F114C25B28BC997200B577FA /* LaunchScreen.storyboard */,
				F114C25E28BC997200B577FA /* Info.plist */,
			);
			path = DemoTestCases;
			sourceTree = "<group>";
		};
		F1D6042028BF1D9700B29592 /* DemoTestCasesTests */ = {
			isa = PBXGroup;
			children = (
				F1D6042128BF1D9700B29592 /* DemoTestCasesTests.swift */,
			);
			path = DemoTestCasesTests;
			sourceTree = "<group>";
		};
/* End PBXGroup section */

/* Begin PBXNativeTarget section */
		F114C24C28BC997100B577FA /* DemoTestCases */ = {
			isa = PBXNativeTarget;
			buildConfigurationList = F114C26128BC997200B577FA /* Build configuration list for PBXNativeTarget "DemoTestCases" */;
			buildPhases = (
				F114C24928BC997100B577FA /* Sources */,
				F114C24A28BC997100B577FA /* Frameworks */,
				F114C24B28BC997100B577FA /* Resources */,
			);
			buildRules = (
			);
			dependencies = (
			);
			name = DemoTestCases;
			productName = DemoTestCases;
			productReference = F114C24D28BC997100B577FA /* DemoTestCases.app */;
			productType = "com.apple.product-type.application";
		};
		F1D6041E28BF1D9700B29592 /* DemoTestCasesTests */ = {
			isa = PBXNativeTarget;
			buildConfigurationList = F1D6042528BF1D9700B29592 /* Build configuration list for PBXNativeTarget "DemoTestCasesTests" */;
			buildPhases = (
				F1D6041B28BF1D9700B29592 /* Sources */,
				F1D6041C28BF1D9700B29592 /* Frameworks */,
				F1D6041D28BF1D9700B29592 /* Resources */,
			);
			buildRules = (
			);
			dependencies = (
				F1D6042428BF1D9700B29592 /* PBXTargetDependency */,
			);
			name = DemoTestCasesTests;
			productName = DemoTestCasesTests;
			productReference = F1D6041F28BF1D9700B29592 /* DemoTestCasesTests.xctest */;
			productType = "com.apple.product-type.bundle.unit-test";
		};
/* End PBXNativeTarget section */

/* Begin PBXProject section */
		F114C24528BC997100B577FA /* Project object */ = {
			isa = PBXProject;
			attributes = {
				BuildIndependentTargetsInParallel = 1;
				LastSwiftUpdateCheck = 1340;
				LastUpgradeCheck = 1340;
				TargetAttributes = {
					F114C24C28BC997100B577FA = {
						CreatedOnToolsVersion = 13.4.1;
					};
					F1D6041E28BF1D9700B29592 = {
						CreatedOnToolsVersion = 13.4.1;
						TestTargetID = F114C24C28BC997100B577FA;
					};
				};
			};
			buildConfigurationList = F114C24828BC997100B577FA /* Build configuration list for PBXProject "DemoTestCases" */;
			compatibilityVersion = "Xcode 13.0";
			developmentRegion = en;
			hasScannedForEncodings = 0;
			knownRegions = (
				en,
				Base,
			);
			mainGroup = F114C24428BC997100B577FA;
			productRefGroup = F114C24E28BC997100B577FA /* Products */;
			projectDirPath = "";
			projectRoot = "";
			targets = (
				F114C24C28BC997100B577FA /* DemoTestCases */,
				F1D6041E28BF1D9700B29592 /* DemoTestCasesTests */,
			);
		};
/* End PBXProject section */

/* Begin PBXResourcesBuildPhase section */
		F114C24B28BC997100B577FA /* Resources */ = {
			isa = PBXResourcesBuildPhase;
			buildActionMask = 2147483647;
			files = (
				F114C25D28BC997200B577FA /* LaunchScreen.storyboard in Resources */,
				F114C25A28BC997200B577FA /* Assets.xcassets in Resources */,
				F114C25828BC997100B577FA /* Main.storyboard in Resources */,
			);
			runOnlyForDeploymentPostprocessing = 0;
		};
		F1D6041D28BF1D9700B29592 /* Resources */ = {
			isa = PBXResourcesBuildPhase;
			buildActionMask = 2147483647;
			files = (
			);
			runOnlyForDeploymentPostprocessing = 0;
		};
/* End PBXResourcesBuildPhase section */

/* Begin PBXSourcesBuildPhase section */
		F114C24928BC997100B577FA /* Sources */ = {
			isa = PBXSourcesBuildPhase;
			buildActionMask = 2147483647;
			files = (
				F15D137528BDE20900AACDDE /* ViewModel.swift in Sources */,
				F114C25528BC997100B577FA /* ViewController.swift in Sources */,
				F114C25128BC997100B577FA /* AppDelegate.swift in Sources */,
				F15D137328BDE1C700AACDDE /* UserModel.swift in Sources */,
				F114C25328BC997100B577FA /* SceneDelegate.swift in Sources */,
			);
			runOnlyForDeploymentPostprocessing = 0;
		};
		F1D6041B28BF1D9700B29592 /* Sources */ = {
			isa = PBXSourcesBuildPhase;
			buildActionMask = 2147483647;
			files = (
				F1D6042228BF1D9700B29592 /* DemoTestCasesTests.swift in Sources */,
			);
			runOnlyForDeploymentPostprocessing = 0;
		};
/* End PBXSourcesBuildPhase section */

/* Begin PBXTargetDependency section */
		F1D6042428BF1D9700B29592 /* PBXTargetDependency */ = {
			isa = PBXTargetDependency;
			target = F114C24C28BC997100B577FA /* DemoTestCases */;
			targetProxy = F1D6042328BF1D9700B29592 /* PBXContainerItemProxy */;
		};
/* End PBXTargetDependency section */

/* Begin PBXVariantGroup section */
		F114C25628BC997100B577FA /* Main.storyboard */ = {
			isa = PBXVariantGroup;
			children = (
				F114C25728BC997100B577FA /* Base */,
			);
			name = Main.storyboard;
			sourceTree = "<group>";
		};
		F114C25B28BC997200B577FA /* LaunchScreen.storyboard */ = {
			isa = PBXVariantGroup;
			children = (
				F114C25C28BC997200B577FA /* Base */,
			);
			name = LaunchScreen.storyboard;
			sourceTree = "<group>";
		};
/* End PBXVariantGroup section */

/* Begin XCBuildConfiguration section */
		F114C25F28BC997200B577FA /* Debug */ = {
			isa = XCBuildConfiguration;
			buildSettings = {
				ALWAYS_SEARCH_USER_PATHS = NO;
				CLANG_ANALYZER_NONNULL = YES;
				CLANG_ANALYZER_NUMBER_OBJECT_CONVERSION = YES_AGGRESSIVE;
				CLANG_CXX_LANGUAGE_STANDARD = "gnu++17";
				CLANG_ENABLE_MODULES = YES;
				CLANG_ENABLE_OBJC_ARC = YES;
				CLANG_ENABLE_OBJC_WEAK = YES;
				CLANG_WARN_BLOCK_CAPTURE_AUTORELEASING = YES;
				CLANG_WARN_BOOL_CONVERSION = YES;
				CLANG_WARN_COMMA = YES;
				CLANG_WARN_CONSTANT_CONVERSION = YES;
				CLANG_WARN_DEPRECATED_OBJC_IMPLEMENTATIONS = YES;
				CLANG_WARN_DIRECT_OBJC_ISA_USAGE = YES_ERROR;
				CLANG_WARN_DOCUMENTATION_COMMENTS = YES;
				CLANG_WARN_EMPTY_BODY = YES;
				CLANG_WARN_ENUM_CONVERSION = YES;
				CLANG_WARN_INFINITE_RECURSION = YES;
				CLANG_WARN_INT_CONVERSION = YES;
				CLANG_WARN_NON_LITERAL_NULL_CONVERSION = YES;
				CLANG_WARN_OBJC_IMPLICIT_RETAIN_SELF = YES;
				CLANG_WARN_OBJC_LITERAL_CONVERSION = YES;
				CLANG_WARN_OBJC_ROOT_CLASS = YES_ERROR;
				CLANG_WARN_QUOTED_INCLUDE_IN_FRAMEWORK_HEADER = YES;
				CLANG_WARN_RANGE_LOOP_ANALYSIS = YES;
				CLANG_WARN_STRICT_PROTOTYPES = YES;
				CLANG_WARN_SUSPICIOUS_MOVE = YES;
				CLANG_WARN_UNGUARDED_AVAILABILITY = YES_AGGRESSIVE;
				CLANG_WARN_UNREACHABLE_CODE = YES;
				CLANG_WARN__DUPLICATE_METHOD_MATCH = YES;
				COPY_PHASE_STRIP = NO;
				DEBUG_INFORMATION_FORMAT = dwarf;
				ENABLE_STRICT_OBJC_MSGSEND = YES;
				ENABLE_TESTABILITY = YES;
				GCC_C_LANGUAGE_STANDARD = gnu11;
				GCC_DYNAMIC_NO_PIC = NO;
				GCC_NO_COMMON_BLOCKS = YES;
				GCC_OPTIMIZATION_LEVEL = 0;
				GCC_PREPROCESSOR_DEFINITIONS = (
					"DEBUG=1",
					"$(inherited)",
				);
				GCC_WARN_64_TO_32_BIT_CONVERSION = YES;
				GCC_WARN_ABOUT_RETURN_TYPE = YES_ERROR;
				GCC_WARN_UNDECLARED_SELECTOR = YES;
				GCC_WARN_UNINITIALIZED_AUTOS = YES_AGGRESSIVE;
				GCC_WARN_UNUSED_FUNCTION = YES;
				GCC_WARN_UNUSED_VARIABLE = YES;
				IPHONEOS_DEPLOYMENT_TARGET = 15.5;
				MTL_ENABLE_DEBUG_INFO = INCLUDE_SOURCE;
				MTL_FAST_MATH = YES;
				ONLY_ACTIVE_ARCH = YES;
				SDKROOT = iphoneos;
				SWIFT_ACTIVE_COMPILATION_CONDITIONS = DEBUG;
				SWIFT_OPTIMIZATION_LEVEL = "-Onone";
			};
			name = Debug;
		};
		F114C26028BC997200B577FA /* Release */ = {
			isa = XCBuildConfiguration;
			buildSettings = {
				ALWAYS_SEARCH_USER_PATHS = NO;
				CLANG_ANALYZER_NONNULL = YES;
				CLANG_ANALYZER_NUMBER_OBJECT_CONVERSION = YES_AGGRESSIVE;
				CLANG_CXX_LANGUAGE_STANDARD = "gnu++17";
				CLANG_ENABLE_MODULES = YES;
				CLANG_ENABLE_OBJC_ARC = YES;
				CLANG_ENABLE_OBJC_WEAK = YES;
				CLANG_WARN_BLOCK_CAPTURE_AUTORELEASING = YES;
				CLANG_WARN_BOOL_CONVERSION = YES;
				CLANG_WARN_COMMA = YES;
				CLANG_WARN_CONSTANT_CONVERSION = YES;
				CLANG_WARN_DEPRECATED_OBJC_IMPLEMENTATIONS = YES;
				CLANG_WARN_DIRECT_OBJC_ISA_USAGE = YES_ERROR;
				CLANG_WARN_DOCUMENTATION_COMMENTS = YES;
				CLANG_WARN_EMPTY_BODY = YES;
				CLANG_WARN_ENUM_CONVERSION = YES;
				CLANG_WARN_INFINITE_RECURSION = YES;
				CLANG_WARN_INT_CONVERSION = YES;
				CLANG_WARN_NON_LITERAL_NULL_CONVERSION = YES;
				CLANG_WARN_OBJC_IMPLICIT_RETAIN_SELF = YES;
				CLANG_WARN_OBJC_LITERAL_CONVERSION = YES;
				CLANG_WARN_OBJC_ROOT_CLASS = YES_ERROR;
				CLANG_WARN_QUOTED_INCLUDE_IN_FRAMEWORK_HEADER = YES;
				CLANG_WARN_RANGE_LOOP_ANALYSIS = YES;
				CLANG_WARN_STRICT_PROTOTYPES = YES;
				CLANG_WARN_SUSPICIOUS_MOVE = YES;
				CLANG_WARN_UNGUARDED_AVAILABILITY = YES_AGGRESSIVE;
				CLANG_WARN_UNREACHABLE_CODE = YES;
				CLANG_WARN__DUPLICATE_METHOD_MATCH = YES;
				COPY_PHASE_STRIP = NO;
				DEBUG_INFORMATION_FORMAT = "dwarf-with-dsym";
				ENABLE_NS_ASSERTIONS = NO;
				ENABLE_STRICT_OBJC_MSGSEND = YES;
				GCC_C_LANGUAGE_STANDARD = gnu11;
				GCC_NO_COMMON_BLOCKS = YES;
				GCC_WARN_64_TO_32_BIT_CONVERSION = YES;
				GCC_WARN_ABOUT_RETURN_TYPE = YES_ERROR;
				GCC_WARN_UNDECLARED_SELECTOR = YES;
				GCC_WARN_UNINITIALIZED_AUTOS = YES_AGGRESSIVE;
				GCC_WARN_UNUSED_FUNCTION = YES;
				GCC_WARN_UNUSED_VARIABLE = YES;
				IPHONEOS_DEPLOYMENT_TARGET = 15.5;
				MTL_ENABLE_DEBUG_INFO = NO;
				MTL_FAST_MATH = YES;
				SDKROOT = iphoneos;
				SWIFT_COMPILATION_MODE = wholemodule;
				SWIFT_OPTIMIZATION_LEVEL = "-O";
				VALIDATE_PRODUCT = YES;
			};
			name = Release;
		};
		F114C26228BC997200B577FA /* Debug */ = {
			isa = XCBuildConfiguration;
			buildSettings = {
				ASSETCATALOG_COMPILER_APPICON_NAME = AppIcon;
				ASSETCATALOG_COMPILER_GLOBAL_ACCENT_COLOR_NAME = AccentColor;
				CODE_SIGN_STYLE = Automatic;
				CURRENT_PROJECT_VERSION = 1;
				DEVELOPMENT_TEAM = 5S6Q582MC9;
				GENERATE_INFOPLIST_FILE = YES;
				INFOPLIST_FILE = DemoTestCases/Info.plist;
				INFOPLIST_KEY_UIApplicationSupportsIndirectInputEvents = YES;
				INFOPLIST_KEY_UILaunchStoryboardName = LaunchScreen;
				INFOPLIST_KEY_UIMainStoryboardFile = Main;
				INFOPLIST_KEY_UISupportedInterfaceOrientations_iPad = "UIInterfaceOrientationPortrait UIInterfaceOrientationPortraitUpsideDown UIInterfaceOrientationLandscapeLeft UIInterfaceOrientationLandscapeRight";
				INFOPLIST_KEY_UISupportedInterfaceOrientations_iPhone = "UIInterfaceOrientationPortrait UIInterfaceOrientationLandscapeLeft UIInterfaceOrientationLandscapeRight";
				LD_RUNPATH_SEARCH_PATHS = (
					"$(inherited)",
					"@executable_path/Frameworks",
				);
				MARKETING_VERSION = 1.0;
				PRODUCT_BUNDLE_IDENTIFIER = com.simform.DemoTestCases;
				PRODUCT_NAME = "$(TARGET_NAME)";
				SWIFT_EMIT_LOC_STRINGS = YES;
				SWIFT_VERSION = 5.0;
				TARGETED_DEVICE_FAMILY = "1,2";
			};
			name = Debug;
		};
		F114C26328BC997200B577FA /* Release */ = {
			isa = XCBuildConfiguration;
			buildSettings = {
				ASSETCATALOG_COMPILER_APPICON_NAME = AppIcon;
				ASSETCATALOG_COMPILER_GLOBAL_ACCENT_COLOR_NAME = AccentColor;
				CODE_SIGN_STYLE = Automatic;
				CURRENT_PROJECT_VERSION = 1;
				DEVELOPMENT_TEAM = 5S6Q582MC9;
				GENERATE_INFOPLIST_FILE = YES;
				INFOPLIST_FILE = DemoTestCases/Info.plist;
				INFOPLIST_KEY_UIApplicationSupportsIndirectInputEvents = YES;
				INFOPLIST_KEY_UILaunchStoryboardName = LaunchScreen;
				INFOPLIST_KEY_UIMainStoryboardFile = Main;
				INFOPLIST_KEY_UISupportedInterfaceOrientations_iPad = "UIInterfaceOrientationPortrait UIInterfaceOrientationPortraitUpsideDown UIInterfaceOrientationLandscapeLeft UIInterfaceOrientationLandscapeRight";
				INFOPLIST_KEY_UISupportedInterfaceOrientations_iPhone = "UIInterfaceOrientationPortrait UIInterfaceOrientationLandscapeLeft UIInterfaceOrientationLandscapeRight";
				LD_RUNPATH_SEARCH_PATHS = (
					"$(inherited)",
					"@executable_path/Frameworks",
				);
				MARKETING_VERSION = 1.0;
				PRODUCT_BUNDLE_IDENTIFIER = com.simform.DemoTestCases;
				PRODUCT_NAME = "$(TARGET_NAME)";
				SWIFT_EMIT_LOC_STRINGS = YES;
				SWIFT_VERSION = 5.0;
				TARGETED_DEVICE_FAMILY = "1,2";
			};
			name = Release;
		};
		F1D6042628BF1D9700B29592 /* Debug */ = {
			isa = XCBuildConfiguration;
			buildSettings = {
				BUNDLE_LOADER = "$(TEST_HOST)";
				CODE_SIGN_STYLE = Automatic;
				CURRENT_PROJECT_VERSION = 1;
				DEVELOPMENT_TEAM = 5S6Q582MC9;
				GENERATE_INFOPLIST_FILE = YES;
				MARKETING_VERSION = 1.0;
				PRODUCT_BUNDLE_IDENTIFIER = com.simform.DemoTestCasesTests;
				PRODUCT_NAME = "$(TARGET_NAME)";
				SWIFT_EMIT_LOC_STRINGS = NO;
				SWIFT_VERSION = 5.0;
				TARGETED_DEVICE_FAMILY = "1,2";
				TEST_HOST = "$(BUILT_PRODUCTS_DIR)/DemoTestCases.app/DemoTestCases";
			};
			name = Debug;
		};
		F1D6042728BF1D9700B29592 /* Release */ = {
			isa = XCBuildConfiguration;
			buildSettings = {
				BUNDLE_LOADER = "$(TEST_HOST)";
				CODE_SIGN_STYLE = Automatic;
				CURRENT_PROJECT_VERSION = 1;
				DEVELOPMENT_TEAM = 5S6Q582MC9;
				GENERATE_INFOPLIST_FILE = YES;
				MARKETING_VERSION = 1.0;
				PRODUCT_BUNDLE_IDENTIFIER = com.simform.DemoTestCasesTests;
				PRODUCT_NAME = "$(TARGET_NAME)";
				SWIFT_EMIT_LOC_STRINGS = NO;
				SWIFT_VERSION = 5.0;
				TARGETED_DEVICE_FAMILY = "1,2";
				TEST_HOST = "$(BUILT_PRODUCTS_DIR)/DemoTestCases.app/DemoTestCases";
			};
			name = Release;
		};
/* End XCBuildConfiguration section */

/* Begin XCConfigurationList section */
		F114C24828BC997100B577FA /* Build configuration list for PBXProject "DemoTestCases" */ = {
			isa = XCConfigurationList;
			buildConfigurations = (
				F114C25F28BC997200B577FA /* Debug */,
				F114C26028BC997200B577FA /* Release */,
			);
			defaultConfigurationIsVisible = 0;
			defaultConfigurationName = Release;
		};
		F114C26128BC997200B577FA /* Build configuration list for PBXNativeTarget "DemoTestCases" */ = {
			isa = XCConfigurationList;
			buildConfigurations = (
				F114C26228BC997200B577FA /* Debug */,
				F114C26328BC997200B577FA /* Release */,
			);
			defaultConfigurationIsVisible = 0;
			defaultConfigurationName = Release;
		};
		F1D6042528BF1D9700B29592 /* Build configuration list for PBXNativeTarget "DemoTestCasesTests" */ = {
			isa = XCConfigurationList;
			buildConfigurations = (
				F1D6042628BF1D9700B29592 /* Debug */,
				F1D6042728BF1D9700B29592 /* Release */,
			);
			defaultConfigurationIsVisible = 0;
			defaultConfigurationName = Release;
		};
/* End XCConfigurationList section */
	};
	rootObject = F114C24528BC997100B577FA /* Project object */;
}
